
Microsoft Visual Studio Solution File, Format Version 12.00
# Visual Studio Version 17
VisualStudioVersion = 17.14.36811.4 d17.14
MinimumVisualStudioVersion = 10.0.40219.1
Project("{FAE04EC0-301F-11D3-BF4B-00C04F79EFBC}") = "MyTestAPI", "MyTestAPI.csproj", "{84218866-AAB5-4E73-8A8D-C5218A219448}"
EndProject
Global
	GlobalSection(SolutionConfigurationPlatforms) = preSolution
		Debug|Any CPU = Debug|Any CPU
		Release|Any CPU = Release|Any CPU
	EndGlobalSection
	GlobalSection(ProjectConfigurationPlatforms) = postSolution
		{84218866-AAB5-4E73-8A8D-C5218A219448}.Debug|Any CPU.ActiveCfg = Debug|Any CPU
		{84218866-AAB5-4E73-8A8D-C5218A219448}.Debug|Any CPU.Build.0 = Debug|Any CPU
		{84218866-AAB5-4E73-8A8D-C5218A219448}.Release|Any CPU.ActiveCfg = Release|Any CPU
		{84218866-AAB5-4E73-8A8D-C5218A219448}.Release|Any CPU.Build.0 = Release|Any CPU
	EndGlobalSection
	GlobalSection(SolutionProperties) = preSolution
		HideSolutionNode = FALSE
	EndGlobalSection
	GlobalSection(ExtensibilityGlobals) = postSolution
		SolutionGuid = {F781931E-ACDA-4662-9488-CA825A648DF5}
	EndGlobalSection
EndGlobal
